
Microsoft Visual Studio Solution File, Format Version 12.00
# Visual Studio Version 16
VisualStudioVersion = 16.0.30011.22
MinimumVisualStudioVersion = 10.0.40219.1
Project("{8BC9CEB8-8B4A-11D0-8D11-00A0C91BC942}") = "Chap02App", "Chap02App.vcxproj", "{EF8F5521-6885-40D5-BC92-5D9DDC317A84}"
EndProject
Project("{8BC9CEB8-8B4A-11D0-8D11-00A0C91BC942}") = "Chap03App", "..\Chap03App\Chap03App.vcxproj", "{C1478A15-D012-4A9E-8D39-33F3D03F57C5}"
EndProject
Project("{8BC9CEB8-8B4A-11D0-8D11-00A0C91BC942}") = "Chap04App", "..\Chap04App\Chap04App.vcxproj", "{45ABEEEF-8B16-4C84-965D-E4F21B78EDA7}"
EndProject
Project("{8BC9CEB8-8B4A-11D0-8D11-00A0C91BC942}") = "Chap05App", "..\Chap05App\Chap05App.vcxproj", "{FDE7C4F6-F7E5-4ABD-B335-D916A67DDC6F}"
EndProject
Project("{8BC9CEB8-8B4A-11D0-8D11-00A0C91BC942}") = "Chap06App", "..\Chap06App\Chap06App.vcxproj", "{F2D3464A-4048-4944-9B3B-50F244284646}"
EndProject
Project("{8BC9CEB8-8B4A-11D0-8D11-00A0C91BC942}") = "Chap07App", "..\Chap07App\Chap07App.vcxproj", "{941436B5-EB3F-4B4D-838A-0993BA7BF897}"
EndProject
Project("{8BC9CEB8-8B4A-11D0-8D11-00A0C91BC942}") = "Chap08App", "..\Chap08App\Chap08App.vcxproj", "{2CD6BF4F-BC66-45ED-B13B-7520D29807C0}"
EndProject
Global
	GlobalSection(SolutionConfigurationPlatforms) = preSolution
		Debug|x64 = Debug|x64
		Debug|x86 = Debug|x86
		Release|x64 = Release|x64
		Release|x86 = Release|x86
	EndGlobalSection
	GlobalSection(ProjectConfigurationPlatforms) = postSolution
		{EF8F5521-6885-40D5-BC92-5D9DDC317A84}.Debug|x64.ActiveCfg = Debug|x64
		{EF8F5521-6885-40D5-BC92-5D9DDC317A84}.Debug|x64.Build.0 = Debug|x64
		{EF8F5521-6885-40D5-BC92-5D9DDC317A84}.Debug|x86.ActiveCfg = Debug|Win32
		{EF8F5521-6885-40D5-BC92-5D9DDC317A84}.Debug|x86.Build.0 = Debug|Win32
		{EF8F5521-6885-40D5-BC92-5D9DDC317A84}.Release|x64.ActiveCfg = Release|x64
		{EF8F5521-6885-40D5-BC92-5D9DDC317A84}.Release|x64.Build.0 = Release|x64
		{EF8F5521-6885-40D5-BC92-5D9DDC317A84}.Release|x86.ActiveCfg = Release|Win32
		{EF8F5521-6885-40D5-BC92-5D9DDC317A84}.Release|x86.Build.0 = Release|Win32
		{C1478A15-D012-4A9E-8D39-33F3D03F57C5}.Debug|x64.ActiveCfg = Debug|x64
		{C1478A15-D012-4A9E-8D39-33F3D03F57C5}.Debug|x64.Build.0 = Debug|x64
		{C1478A15-D012-4A9E-8D39-33F3D03F57C5}.Debug|x86.ActiveCfg = Debug|Win32
		{C1478A15-D012-4A9E-8D39-33F3D03F57C5}.Debug|x86.Build.0 = Debug|Win32
		{C1478A15-D012-4A9E-8D39-33F3D03F57C5}.Release|x64.ActiveCfg = Release|x64
		{C1478A15-D012-4A9E-8D39-33F3D03F57C5}.Release|x64.Build.0 = Release|x64
		{C1478A15-D012-4A9E-8D39-33F3D03F57C5}.Release|x86.ActiveCfg = Release|Win32
		{C1478A15-D012-4A9E-8D39-33F3D03F57C5}.Release|x86.Build.0 = Release|Win32
		{45ABEEEF-8B16-4C84-965D-E4F21B78EDA7}.Debug|x64.ActiveCfg = Debug|x64
		{45ABEEEF-8B16-4C84-965D-E4F21B78EDA7}.Debug|x64.Build.0 = Debug|x64
		{45ABEEEF-8B16-4C84-965D-E4F21B78EDA7}.Debug|x86.ActiveCfg = Debug|Win32
		{45ABEEEF-8B16-4C84-965D-E4F21B78EDA7}.Debug|x86.Build.0 = Debug|Win32
		{45ABEEEF-8B16-4C84-965D-E4F21B78EDA7}.Release|x64.ActiveCfg = Release|x64
		{45ABEEEF-8B16-4C84-965D-E4F21B78EDA7}.Release|x64.Build.0 = Release|x64
		{45ABEEEF-8B16-4C84-965D-E4F21B78EDA7}.Release|x86.ActiveCfg = Release|Win32
		{45ABEEEF-8B16-4C84-965D-E4F21B78EDA7}.Release|x86.Build.0 = Release|Win32
		{FDE7C4F6-F7E5-4ABD-B335-D916A67DDC6F}.Debug|x64.ActiveCfg = Debug|x64
		{FDE7C4F6-F7E5-4ABD-B335-D916A67DDC6F}.Debug|x64.Build.0 = Debug|x64
		{FDE7C4F6-F7E5-4ABD-B335-D916A67DDC6F}.Debug|x86.ActiveCfg = Debug|Win32
		{FDE7C4F6-F7E5-4ABD-B335-D916A67DDC6F}.Debug|x86.Build.0 = Debug|Win32
		{FDE7C4F6-F7E5-4ABD-B335-D916A67DDC6F}.Release|x64.ActiveCfg = Release|x64
		{FDE7C4F6-F7E5-4ABD-B335-D916A67DDC6F}.Release|x64.Build.0 = Release|x64
		{FDE7C4F6-F7E5-4ABD-B335-D916A67DDC6F}.Release|x86.ActiveCfg = Release|Win32
		{FDE7C4F6-F7E5-4ABD-B335-D916A67DDC6F}.Release|x86.Build.0 = Release|Win32
		{F2D3464A-4048-4944-9B3B-50F244284646}.Debug|x64.ActiveCfg = Debug|x64
		{F2D3464A-4048-4944-9B3B-50F244284646}.Debug|x64.Build.0 = Debug|x64
		{F2D3464A-4048-4944-9B3B-50F244284646}.Debug|x86.ActiveCfg = Debug|Win32
		{F2D3464A-4048-4944-9B3B-50F244284646}.Debug|x86.Build.0 = Debug|Win32
		{F2D3464A-4048-4944-9B3B-50F244284646}.Release|x64.ActiveCfg = Release|x64
		{F2D3464A-4048-4944-9B3B-50F244284646}.Release|x64.Build.0 = Release|x64
		{F2D3464A-4048-4944-9B3B-50F244284646}.Release|x86.ActiveCfg = Release|Win32
		{F2D3464A-4048-4944-9B3B-50F244284646}.Release|x86.Build.0 = Release|Win32
		{941436B5-EB3F-4B4D-838A-0993BA7BF897}.Debug|x64.ActiveCfg = Debug|x64
		{941436B5-EB3F-4B4D-838A-0993BA7BF897}.Debug|x64.Build.0 = Debug|x64
		{941436B5-EB3F-4B4D-838A-0993BA7BF897}.Debug|x86.ActiveCfg = Debug|Win32
		{941436B5-EB3F-4B4D-838A-0993BA7BF897}.Debug|x86.Build.0 = Debug|Win32
		{941436B5-EB3F-4B4D-838A-0993BA7BF897}.Release|x64.ActiveCfg = Release|x64
		{941436B5-EB3F-4B4D-838A-0993BA7BF897}.Release|x64.Build.0 = Release|x64
		{941436B5-EB3F-4B4D-838A-0993BA7BF897}.Release|x86.ActiveCfg = Release|Win32
		{941436B5-EB3F-4B4D-838A-0993BA7BF897}.Release|x86.Build.0 = Release|Win32
		{2CD6BF4F-BC66-45ED-B13B-7520D29807C0}.Debug|x64.ActiveCfg = Debug|x64
		{2CD6BF4F-BC66-45ED-B13B-7520D29807C0}.Debug|x64.Build.0 = Debug|x64
		{2CD6BF4F-BC66-45ED-B13B-7520D29807C0}.Debug|x86.ActiveCfg = Debug|Win32
		{2CD6BF4F-BC66-45ED-B13B-7520D29807C0}.Debug|x86.Build.0 = Debug|Win32
		{2CD6BF4F-BC66-45ED-B13B-7520D29807C0}.Release|x64.ActiveCfg = Release|x64
		{2CD6BF4F-BC66-45ED-B13B-7520D29807C0}.Release|x64.Build.0 = Release|x64
		{2CD6BF4F-BC66-45ED-B13B-7520D29807C0}.Release|x86.ActiveCfg = Release|Win32
		{2CD6BF4F-BC66-45ED-B13B-7520D29807C0}.Release|x86.Build.0 = Release|Win32
	EndGlobalSection
	GlobalSection(SolutionProperties) = preSolution
		HideSolutionNode = FALSE
	EndGlobalSection
	GlobalSection(ExtensibilityGlobals) = postSolution
		SolutionGuid = {99D441EF-AF6C-4B4E-85D0-1CAAD4EB9CF5}
	EndGlobalSection
EndGlobal
